// !$*UTF8*$!
{
	archiveVersion = 1;
	classes = {
	};
	objectVersion = 46;
	objects = {

/* Begin PBXBuildFile section */
		1960C5E61E44B9F100CEA72D /* main.cpp in Sources */ = {isa = PBXBuildFile; fileRef = 1960C5E51E44B9F100CEA72D /* main.cpp */; };
		1960C5EE1E44BA5900CEA72D /* bind.cpp in Sources */ = {isa = PBXBuildFile; fileRef = 1960C5EC1E44BA5900CEA72D /* bind.cpp */; };
		1960C5F11E44D00F00CEA72D /* function.cpp in Sources */ = {isa = PBXBuildFile; fileRef = 1960C5F01E44D00F00CEA72D /* function.cpp */; };
/* End PBXBuildFile section */

/* Begin PBXCopyFilesBuildPhase section */
		1960C5E01E44B9F100CEA72D /* CopyFiles */ = {
			isa = PBXCopyFilesBuildPhase;
			buildActionMask = 2147483647;
			dstPath = /usr/share/man/man1/;
			dstSubfolderSpec = 0;
			files = (
			);
			runOnlyForDeploymentPostprocessing = 1;
		};
/* End PBXCopyFilesBuildPhase section */

/* Begin PBXFileReference section */
		1960C5E21E44B9F100CEA72D /* cpp_14 */ = {isa = PBXFileReference; explicitFileType = "compiled.mach-o.executable"; includeInIndex = 0; path = cpp_14; sourceTree = BUILT_PRODUCTS_DIR; };
		1960C5E51E44B9F100CEA72D /* main.cpp */ = {isa = PBXFileReference; lastKnownFileType = sourcecode.cpp.cpp; path = main.cpp; sourceTree = "<group>"; };
		1960C5EC1E44BA5900CEA72D /* bind.cpp */ = {isa = PBXFileReference; fileEncoding = 4; lastKnownFileType = sourcecode.cpp.cpp; path = bind.cpp; sourceTree = "<group>"; };
		1960C5EF1E44BEE800CEA72D /* common.hpp */ = {isa = PBXFileReference; fileEncoding = 4; lastKnownFileType = sourcecode.cpp.h; path = common.hpp; sourceTree = "<group>"; };
		1960C5F01E44D00F00CEA72D /* function.cpp */ = {isa = PBXFileReference; fileEncoding = 4; lastKnownFileType = sourcecode.cpp.cpp; path = function.cpp; sourceTree = "<group>"; };
/* End PBXFileReference section */

/* Begin PBXFrameworksBuildPhase section */
		1960C5DF1E44B9F100CEA72D /* Frameworks */ = {
			isa = PBXFrameworksBuildPhase;
			buildActionMask = 2147483647;
			files = (
			);
			runOnlyForDeploymentPostprocessing = 0;
		};
/* End PBXFrameworksBuildPhase section */

/* Begin PBXGroup section */
		1960C5D91E44B9F100CEA72D = {
			isa = PBXGroup;
			children = (
				1960C5E41E44B9F100CEA72D /* cpp_14 */,
				1960C5E31E44B9F100CEA72D /* Products */,
			);
			sourceTree = "<group>";
		};
		1960C5E31E44B9F100CEA72D /* Products */ = {
			isa = PBXGroup;
			children = (
				1960C5E21E44B9F100CEA72D /* cpp_14 */,
			);
			name = Products;
			sourceTree = "<group>";
		};
		1960C5E41E44B9F100CEA72D /* cpp_14 */ = {
			isa = PBXGroup;
			children = (
				1960C5EF1E44BEE800CEA72D /* common.hpp */,
				1960C5E51E44B9F100CEA72D /* main.cpp */,
				1960C5EC1E44BA5900CEA72D /* bind.cpp */,
				1960C5F01E44D00F00CEA72D /* function.cpp */,
			);
			path = cpp_14;
			sourceTree = "<group>";
		};
/* End PBXGroup section */

/* Begin PBXNativeTarget section */
		1960C5E11E44B9F100CEA72D /* cpp_14 */ = {
			isa = PBXNativeTarget;
			buildConfigurationList = 1960C5E91E44B9F100CEA72D /* Build configuration list for PBXNativeTarget "cpp_14" */;
			buildPhases = (
				1960C5DE1E44B9F100CEA72D /* Sources */,
				1960C5DF1E44B9F100CEA72D /* Frameworks */,
				1960C5E01E44B9F100CEA72D /* CopyFiles */,
			);
			buildRules = (
			);
			dependencies = (
			);
			name = cpp_14;
			productName = cpp_14;
			productReference = 1960C5E21E44B9F100CEA72D /* cpp_14 */;
			productType = "com.apple.product-type.tool";
		};
/* End PBXNativeTarget section */

/* Begin PBXProject section */
		1960C5DA1E44B9F100CEA72D /* Project object */ = {
			isa = PBXProject;
			attributes = {
				LastUpgradeCheck = 0820;
				ORGANIZATIONNAME = "moto2 yang";
				TargetAttributes = {
					1960C5E11E44B9F100CEA72D = {
						CreatedOnToolsVersion = 8.2.1;
						ProvisioningStyle = Automatic;
					};
				};
			};
			buildConfigurationList = 1960C5DD1E44B9F100CEA72D /* Build configuration list for PBXProject "cpp_14" */;
			compatibilityVersion = "Xcode 3.2";
			developmentRegion = English;
			hasScannedForEncodings = 0;
			knownRegions = (
				en,
			);
			mainGroup = 1960C5D91E44B9F100CEA72D;
			productRefGroup = 1960C5E31E44B9F100CEA72D /* Products */;
			projectDirPath = "";
			projectRoot = "";
			targets = (
				1960C5E11E44B9F100CEA72D /* cpp_14 */,
			);
		};
/* End PBXProject section */

/* Begin PBXSourcesBuildPhase section */
		1960C5DE1E44B9F100CEA72D /* Sources */ = {
			isa = PBXSourcesBuildPhase;
			buildActionMask = 2147483647;
			files = (
				1960C5EE1E44BA5900CEA72D /* bind.cpp in Sources */,
				1960C5E61E44B9F100CEA72D /* main.cpp in Sources */,
				1960C5F11E44D00F00CEA72D /* function.cpp in Sources */,
			);
			runOnlyForDeploymentPostprocessing = 0;
		};
/* End PBXSourcesBuildPhase section */

/* Begin XCBuildConfiguration section */
		1960C5E71E44B9F100CEA72D /* Debug */ = {
			isa = XCBuildConfiguration;
			buildSettings = {
				ALWAYS_SEARCH_USER_PATHS = NO;
				CLANG_ANALYZER_NONNULL = YES;
				CLANG_CXX_LANGUAGE_STANDARD = "gnu++0x";
				CLANG_CXX_LIBRARY = "libc++";
				CLANG_ENABLE_MODULES = YES;
				CLANG_ENABLE_OBJC_ARC = YES;
				CLANG_WARN_BOOL_CONVERSION = YES;
				CLANG_WARN_CONSTANT_CONVERSION = YES;
				CLANG_WARN_DIRECT_OBJC_ISA_USAGE = YES_ERROR;
				CLANG_WARN_DOCUMENTATION_COMMENTS = YES;
				CLANG_WARN_EMPTY_BODY = YES;
				CLANG_WARN_ENUM_CONVERSION = YES;
				CLANG_WARN_INFINITE_RECURSION = YES;
				CLANG_WARN_INT_CONVERSION = YES;
				CLANG_WARN_OBJC_ROOT_CLASS = YES_ERROR;
				CLANG_WARN_SUSPICIOUS_MOVE = YES;
				CLANG_WARN_UNREACHABLE_CODE = YES;
				CLANG_WARN__DUPLICATE_METHOD_MATCH = YES;
				CODE_SIGN_IDENTITY = "-";
				COPY_PHASE_STRIP = NO;
				DEBUG_INFORMATION_FORMAT = dwarf;
				ENABLE_STRICT_OBJC_MSGSEND = YES;
				ENABLE_TESTABILITY = YES;
				GCC_C_LANGUAGE_STANDARD = gnu99;
				GCC_DYNAMIC_NO_PIC = NO;
				GCC_NO_COMMON_BLOCKS = YES;
				GCC_OPTIMIZATION_LEVEL = 0;
				GCC_PREPROCESSOR_DEFINITIONS = (
					"DEBUG=1",
					"$(inherited)",
				);
				GCC_WARN_64_TO_32_BIT_CONVERSION = YES;
				GCC_WARN_ABOUT_RETURN_TYPE = YES_ERROR;
				GCC_WARN_UNDECLARED_SELECTOR = YES;
				GCC_WARN_UNINITIALIZED_AUTOS = YES_AGGRESSIVE;
				GCC_WARN_UNUSED_FUNCTION = YES;
				GCC_WARN_UNUSED_VARIABLE = YES;
				MACOSX_DEPLOYMENT_TARGET = 10.12;
				MTL_ENABLE_DEBUG_INFO = YES;
				ONLY_ACTIVE_ARCH = YES;
				SDKROOT = macosx;
			};
			name = Debug;
		};
		1960C5E81E44B9F100CEA72D /* Release */ = {
			isa = XCBuildConfiguration;
			buildSettings = {
				ALWAYS_SEARCH_USER_PATHS = NO;
				CLANG_ANALYZER_NONNULL = YES;
				CLANG_CXX_LANGUAGE_STANDARD = "gnu++0x";
				CLANG_CXX_LIBRARY = "libc++";
				CLANG_ENABLE_MODULES = YES;
				CLANG_ENABLE_OBJC_ARC = YES;
				CLANG_WARN_BOOL_CONVERSION = YES;
				CLANG_WARN_CONSTANT_CONVERSION = YES;
				CLANG_WARN_DIRECT_OBJC_ISA_USAGE = YES_ERROR;
				CLANG_WARN_DOCUMENTATION_COMMENTS = YES;
				CLANG_WARN_EMPTY_BODY = YES;
				CLANG_WARN_ENUM_CONVERSION = YES;
				CLANG_WARN_INFINITE_RECURSION = YES;
				CLANG_WARN_INT_CONVERSION = YES;
				CLANG_WARN_OBJC_ROOT_CLASS = YES_ERROR;
				CLANG_WARN_SUSPICIOUS_MOVE = YES;
				CLANG_WARN_UNREACHABLE_CODE = YES;
				CLANG_WARN__DUPLICATE_METHOD_MATCH = YES;
				CODE_SIGN_IDENTITY = "-";
				COPY_PHASE_STRIP = NO;
				DEBUG_INFORMATION_FORMAT = "dwarf-with-dsym";
				ENABLE_NS_ASSERTIONS = NO;
				ENABLE_STRICT_OBJC_MSGSEND = YES;
				GCC_C_LANGUAGE_STANDARD = gnu99;
				GCC_NO_COMMON_BLOCKS = YES;
				GCC_WARN_64_TO_32_BIT_CONVERSION = YES;
				GCC_WARN_ABOUT_RETURN_TYPE = YES_ERROR;
				GCC_WARN_UNDECLARED_SELECTOR = YES;
				GCC_WARN_UNINITIALIZED_AUTOS = YES_AGGRESSIVE;
				GCC_WARN_UNUSED_FUNCTION = YES;
				GCC_WARN_UNUSED_VARIABLE = YES;
				MACOSX_DEPLOYMENT_TARGET = 10.12;
				MTL_ENABLE_DEBUG_INFO = NO;
				SDKROOT = macosx;
			};
			name = Release;
		};
		1960C5EA1E44B9F100CEA72D /* Debug */ = {
			isa = XCBuildConfiguration;
			buildSettings = {
				CLANG_CXX_LANGUAGE_STANDARD = "c++14";
				PRODUCT_NAME = "$(TARGET_NAME)";
			};
			name = Debug;
		};
		1960C5EB1E44B9F100CEA72D /* Release */ = {
			isa = XCBuildConfiguration;
			buildSettings = {
				CLANG_CXX_LANGUAGE_STANDARD = "c++14";
				PRODUCT_NAME = "$(TARGET_NAME)";
			};
			name = Release;
		};
/* End XCBuildConfiguration section */

/* Begin XCConfigurationList section */
		1960C5DD1E44B9F100CEA72D /* Build configuration list for PBXProject "cpp_14" */ = {
			isa = XCConfigurationList;
			buildConfigurations = (
				1960C5E71E44B9F100CEA72D /* Debug */,
				1960C5E81E44B9F100CEA72D /* Release */,
			);
			defaultConfigurationIsVisible = 0;
			defaultConfigurationName = Release;
		};
		1960C5E91E44B9F100CEA72D /* Build configuration list for PBXNativeTarget "cpp_14" */ = {
			isa = XCConfigurationList;
			buildConfigurations = (
				1960C5EA1E44B9F100CEA72D /* Debug */,
				1960C5EB1E44B9F100CEA72D /* Release */,
			);
			defaultConfigurationIsVisible = 0;
			defaultConfigurationName = Release;
		};
/* End XCConfigurationList section */
	};
	rootObject = 1960C5DA1E44B9F100CEA72D /* Project object */;
}
